// !$*UTF8*$!
{
	archiveVersion = 1;
	classes = {
	};
	objectVersion = 46;
	objects = {

/* Begin PBXBuildFile section */
		CFE361E51B2B810C003323A7 /* main.m in Sources */ = {isa = PBXBuildFile; fileRef = CFE361E41B2B810C003323A7 /* main.m */; };
		CFE361E81B2B810C003323A7 /* AppDelegate.m in Sources */ = {isa = PBXBuildFile; fileRef = CFE361E71B2B810C003323A7 /* AppDelegate.m */; };
		CFE361F11B2B810C003323A7 /* Main.storyboard in Resources */ = {isa = PBXBuildFile; fileRef = CFE361EF1B2B810C003323A7 /* Main.storyboard */; };
		CFE361F31B2B810C003323A7 /* Images.xcassets in Resources */ = {isa = PBXBuildFile; fileRef = CFE361F21B2B810C003323A7 /* Images.xcassets */; };
		CFE361F61B2B810C003323A7 /* LaunchScreen.xib in Resources */ = {isa = PBXBuildFile; fileRef = CFE361F41B2B810C003323A7 /* LaunchScreen.xib */; };
		CFE362021B2B810C003323A7 /* AnxietyTrackerTests.m in Sources */ = {isa = PBXBuildFile; fileRef = CFE362011B2B810C003323A7 /* AnxietyTrackerTests.m */; };
		CFE3620D1B2B837B003323A7 /* GeneralInfoViewController.m in Sources */ = {isa = PBXBuildFile; fileRef = CFE3620C1B2B837B003323A7 /* GeneralInfoViewController.m */; };
		CFE362101B2B83B1003323A7 /* TrackViewController.m in Sources */ = {isa = PBXBuildFile; fileRef = CFE3620F1B2B83B1003323A7 /* TrackViewController.m */; };
		CFE362131B2B83C6003323A7 /* TherapyViewController.m in Sources */ = {isa = PBXBuildFile; fileRef = CFE362121B2B83C6003323A7 /* TherapyViewController.m */; };
		CFE362161B2B83D6003323A7 /* GetHelpViewController.m in Sources */ = {isa = PBXBuildFile; fileRef = CFE362151B2B83D6003323A7 /* GetHelpViewController.m */; };
		CFE362191B2B83E6003323A7 /* ForumsViewController.m in Sources */ = {isa = PBXBuildFile; fileRef = CFE362181B2B83E6003323A7 /* ForumsViewController.m */; };
		CFE3621C1B2B8412003323A7 /* OptionsTableView.m in Sources */ = {isa = PBXBuildFile; fileRef = CFE3621B1B2B8412003323A7 /* OptionsTableView.m */; };
		CFE3621F1B2B8821003323A7 /* Entry.m in Sources */ = {isa = PBXBuildFile; fileRef = CFE3621E1B2B8821003323A7 /* Entry.m */; };
		CFE362221B2B883A003323A7 /* Appearance.m in Sources */ = {isa = PBXBuildFile; fileRef = CFE362211B2B883A003323A7 /* Appearance.m */; };
		CFE362481B2B9339003323A7 /* CustomEntryCell.m in Sources */ = {isa = PBXBuildFile; fileRef = CFE362471B2B9339003323A7 /* CustomEntryCell.m */; };
		CFE3624A1B2B94FA003323A7 /* MapKit.framework in Frameworks */ = {isa = PBXBuildFile; fileRef = CFE362491B2B94FA003323A7 /* MapKit.framework */; };
		CFE3624C1B2B9503003323A7 /* CoreLocation.framework in Frameworks */ = {isa = PBXBuildFile; fileRef = CFE3624B1B2B9503003323A7 /* CoreLocation.framework */; };
		CFE362611B2B967F003323A7 /* AFHTTPRequestOperation.m in Sources */ = {isa = PBXBuildFile; fileRef = CFE3624F1B2B967F003323A7 /* AFHTTPRequestOperation.m */; };
		CFE362621B2B967F003323A7 /* AFHTTPRequestOperationManager.m in Sources */ = {isa = PBXBuildFile; fileRef = CFE362511B2B967F003323A7 /* AFHTTPRequestOperationManager.m */; };
		CFE362631B2B967F003323A7 /* AFHTTPSessionManager.m in Sources */ = {isa = PBXBuildFile; fileRef = CFE362531B2B967F003323A7 /* AFHTTPSessionManager.m */; };
		CFE362641B2B967F003323A7 /* AFNetworkReachabilityManager.m in Sources */ = {isa = PBXBuildFile; fileRef = CFE362561B2B967F003323A7 /* AFNetworkReachabilityManager.m */; };
		CFE362651B2B967F003323A7 /* AFSecurityPolicy.m in Sources */ = {isa = PBXBuildFile; fileRef = CFE362581B2B967F003323A7 /* AFSecurityPolicy.m */; };
		CFE362661B2B967F003323A7 /* AFURLConnectionOperation.m in Sources */ = {isa = PBXBuildFile; fileRef = CFE3625A1B2B967F003323A7 /* AFURLConnectionOperation.m */; };
		CFE362671B2B967F003323A7 /* AFURLRequestSerialization.m in Sources */ = {isa = PBXBuildFile; fileRef = CFE3625C1B2B967F003323A7 /* AFURLRequestSerialization.m */; };
		CFE362681B2B967F003323A7 /* AFURLResponseSerialization.m in Sources */ = {isa = PBXBuildFile; fileRef = CFE3625E1B2B967F003323A7 /* AFURLResponseSerialization.m */; };
		CFE362691B2B967F003323A7 /* AFURLSessionManager.m in Sources */ = {isa = PBXBuildFile; fileRef = CFE362601B2B967F003323A7 /* AFURLSessionManager.m */; };
		CFE3626C1B2BCBF0003323A7 /* Pin.m in Sources */ = {isa = PBXBuildFile; fileRef = CFE3626B1B2BCBF0003323A7 /* Pin.m */; };
/* End PBXBuildFile section */

/* Begin PBXContainerItemProxy section */
		CFE361FC1B2B810C003323A7 /* PBXContainerItemProxy */ = {
			isa = PBXContainerItemProxy;
			containerPortal = CFE361D71B2B810C003323A7 /* Project object */;
			proxyType = 1;
			remoteGlobalIDString = CFE361DE1B2B810C003323A7;
			remoteInfo = AnxietyTracker;
		};
/* End PBXContainerItemProxy section */

/* Begin PBXFileReference section */
		CFE361DF1B2B810C003323A7 /* AnxietyTracker.app */ = {isa = PBXFileReference; explicitFileType = wrapper.application; includeInIndex = 0; path = AnxietyTracker.app; sourceTree = BUILT_PRODUCTS_DIR; };
		CFE361E31B2B810C003323A7 /* Info.plist */ = {isa = PBXFileReference; lastKnownFileType = text.plist.xml; path = Info.plist; sourceTree = "<group>"; };
		CFE361E41B2B810C003323A7 /* main.m */ = {isa = PBXFileReference; lastKnownFileType = sourcecode.c.objc; path = main.m; sourceTree = "<group>"; };
		CFE361E61B2B810C003323A7 /* AppDelegate.h */ = {isa = PBXFileReference; lastKnownFileType = sourcecode.c.h; path = AppDelegate.h; sourceTree = "<group>"; };
		CFE361E71B2B810C003323A7 /* AppDelegate.m */ = {isa = PBXFileReference; lastKnownFileType = sourcecode.c.objc; path = AppDelegate.m; sourceTree = "<group>"; };
		CFE361F01B2B810C003323A7 /* Base */ = {isa = PBXFileReference; lastKnownFileType = file.storyboard; name = Base; path = Base.lproj/Main.storyboard; sourceTree = "<group>"; };
		CFE361F21B2B810C003323A7 /* Images.xcassets */ = {isa = PBXFileReference; lastKnownFileType = folder.assetcatalog; path = Images.xcassets; sourceTree = "<group>"; };
		CFE361F51B2B810C003323A7 /* Base */ = {isa = PBXFileReference; lastKnownFileType = file.xib; name = Base; path = Base.lproj/LaunchScreen.xib; sourceTree = "<group>"; };
		CFE361FB1B2B810C003323A7 /* AnxietyTrackerTests.xctest */ = {isa = PBXFileReference; explicitFileType = wrapper.cfbundle; includeInIndex = 0; path = AnxietyTrackerTests.xctest; sourceTree = BUILT_PRODUCTS_DIR; };
		CFE362001B2B810C003323A7 /* Info.plist */ = {isa = PBXFileReference; lastKnownFileType = text.plist.xml; path = Info.plist; sourceTree = "<group>"; };
		CFE362011B2B810C003323A7 /* AnxietyTrackerTests.m */ = {isa = PBXFileReference; lastKnownFileType = sourcecode.c.objc; path = AnxietyTrackerTests.m; sourceTree = "<group>"; };
		CFE3620B1B2B837B003323A7 /* GeneralInfoViewController.h */ = {isa = PBXFileReference; fileEncoding = 4; lastKnownFileType = sourcecode.c.h; path = GeneralInfoViewController.h; sourceTree = "<group>"; };
		CFE3620C1B2B837B003323A7 /* GeneralInfoViewController.m */ = {isa = PBXFileReference; fileEncoding = 4; lastKnownFileType = sourcecode.c.objc; path = GeneralInfoViewController.m; sourceTree = "<group>"; };
		CFE3620E1B2B83B1003323A7 /* TrackViewController.h */ = {isa = PBXFileReference; fileEncoding = 4; lastKnownFileType = sourcecode.c.h; path = TrackViewController.h; sourceTree = "<group>"; };
		CFE3620F1B2B83B1003323A7 /* TrackViewController.m */ = {isa = PBXFileReference; fileEncoding = 4; lastKnownFileType = sourcecode.c.objc; path = TrackViewController.m; sourceTree = "<group>"; };
		CFE362111B2B83C6003323A7 /* TherapyViewController.h */ = {isa = PBXFileReference; fileEncoding = 4; lastKnownFileType = sourcecode.c.h; path = TherapyViewController.h; sourceTree = "<group>"; };
		CFE362121B2B83C6003323A7 /* TherapyViewController.m */ = {isa = PBXFileReference; fileEncoding = 4; lastKnownFileType = sourcecode.c.objc; path = TherapyViewController.m; sourceTree = "<group>"; };
		CFE362141B2B83D6003323A7 /* GetHelpViewController.h */ = {isa = PBXFileReference; fileEncoding = 4; lastKnownFileType = sourcecode.c.h; path = GetHelpViewController.h; sourceTree = "<group>"; };
		CFE362151B2B83D6003323A7 /* GetHelpViewController.m */ = {isa = PBXFileReference; fileEncoding = 4; lastKnownFileType = sourcecode.c.objc; path = GetHelpViewController.m; sourceTree = "<group>"; };
		CFE362171B2B83E6003323A7 /* ForumsViewController.h */ = {isa = PBXFileReference; fileEncoding = 4; lastKnownFileType = sourcecode.c.h; path = ForumsViewController.h; sourceTree = "<group>"; };
		CFE362181B2B83E6003323A7 /* ForumsViewController.m */ = {isa = PBXFileReference; fileEncoding = 4; lastKnownFileType = sourcecode.c.objc; path = ForumsViewController.m; sourceTree = "<group>"; };
		CFE3621A1B2B8412003323A7 /* OptionsTableView.h */ = {isa = PBXFileReference; fileEncoding = 4; lastKnownFileType = sourcecode.c.h; path = OptionsTableView.h; sourceTree = "<group>"; };
		CFE3621B1B2B8412003323A7 /* OptionsTableView.m */ = {isa = PBXFileReference; fileEncoding = 4; lastKnownFileType = sourcecode.c.objc; path = OptionsTableView.m; sourceTree = "<group>"; };
		CFE3621D1B2B8821003323A7 /* Entry.h */ = {isa = PBXFileReference; fileEncoding = 4; lastKnownFileType = sourcecode.c.h; path = Entry.h; sourceTree = "<group>"; };
		CFE3621E1B2B8821003323A7 /* Entry.m */ = {isa = PBXFileReference; fileEncoding = 4; lastKnownFileType = sourcecode.c.objc; path = Entry.m; sourceTree = "<group>"; };
		CFE362201B2B883A003323A7 /* Appearance.h */ = {isa = PBXFileReference; fileEncoding = 4; lastKnownFileType = sourcecode.c.h; path = Appearance.h; sourceTree = "<group>"; };
		CFE362211B2B883A003323A7 /* Appearance.m */ = {isa = PBXFileReference; fileEncoding = 4; lastKnownFileType = sourcecode.c.objc; path = Appearance.m; sourceTree = "<group>"; };
		CFE362461B2B9339003323A7 /* CustomEntryCell.h */ = {isa = PBXFileReference; fileEncoding = 4; lastKnownFileType = sourcecode.c.h; path = CustomEntryCell.h; sourceTree = "<group>"; };
		CFE362471B2B9339003323A7 /* CustomEntryCell.m */ = {isa = PBXFileReference; fileEncoding = 4; lastKnownFileType = sourcecode.c.objc; path = CustomEntryCell.m; sourceTree = "<group>"; };
		CFE362491B2B94FA003323A7 /* MapKit.framework */ = {isa = PBXFileReference; lastKnownFileType = wrapper.framework; name = MapKit.framework; path = System/Library/Frameworks/MapKit.framework; sourceTree = SDKROOT; };
		CFE3624B1B2B9503003323A7 /* CoreLocation.framework */ = {isa = PBXFileReference; lastKnownFileType = wrapper.framework; name = CoreLocation.framework; path = System/Library/Frameworks/CoreLocation.framework; sourceTree = SDKROOT; };
		CFE3624E1B2B967F003323A7 /* AFHTTPRequestOperation.h */ = {isa = PBXFileReference; fileEncoding = 4; lastKnownFileType = sourcecode.c.h; path = AFHTTPRequestOperation.h; sourceTree = "<group>"; };
		CFE3624F1B2B967F003323A7 /* AFHTTPRequestOperation.m */ = {isa = PBXFileReference; fileEncoding = 4; lastKnownFileType = sourcecode.c.objc; path = AFHTTPRequestOperation.m; sourceTree = "<group>"; };
		CFE362501B2B967F003323A7 /* AFHTTPRequestOperationManager.h */ = {isa = PBXFileReference; fileEncoding = 4; lastKnownFileType = sourcecode.c.h; path = AFHTTPRequestOperationManager.h; sourceTree = "<group>"; };
		CFE362511B2B967F003323A7 /* AFHTTPRequestOperationManager.m */ = {isa = PBXFileReference; fileEncoding = 4; lastKnownFileType = sourcecode.c.objc; path = AFHTTPRequestOperationManager.m; sourceTree = "<group>"; };
		CFE362521B2B967F003323A7 /* AFHTTPSessionManager.h */ = {isa = PBXFileReference; fileEncoding = 4; lastKnownFileType = sourcecode.c.h; path = AFHTTPSessionManager.h; sourceTree = "<group>"; };
		CFE362531B2B967F003323A7 /* AFHTTPSessionManager.m */ = {isa = PBXFileReference; fileEncoding = 4; lastKnownFileType = sourcecode.c.objc; path = AFHTTPSessionManager.m; sourceTree = "<group>"; };
		CFE362541B2B967F003323A7 /* AFNetworking.h */ = {isa = PBXFileReference; fileEncoding = 4; lastKnownFileType = sourcecode.c.h; path = AFNetworking.h; sourceTree = "<group>"; };
		CFE362551B2B967F003323A7 /* AFNetworkReachabilityManager.h */ = {isa = PBXFileReference; fileEncoding = 4; lastKnownFileType = sourcecode.c.h; path = AFNetworkReachabilityManager.h; sourceTree = "<group>"; };
		CFE362561B2B967F003323A7 /* AFNetworkReachabilityManager.m */ = {isa = PBXFileReference; fileEncoding = 4; lastKnownFileType = sourcecode.c.objc; path = AFNetworkReachabilityManager.m; sourceTree = "<group>"; };
		CFE362571B2B967F003323A7 /* AFSecurityPolicy.h */ = {isa = PBXFileReference; fileEncoding = 4; lastKnownFileType = sourcecode.c.h; path = AFSecurityPolicy.h; sourceTree = "<group>"; };
		CFE362581B2B967F003323A7 /* AFSecurityPolicy.m */ = {isa = PBXFileReference; fileEncoding = 4; lastKnownFileType = sourcecode.c.objc; path = AFSecurityPolicy.m; sourceTree = "<group>"; };
		CFE362591B2B967F003323A7 /* AFURLConnectionOperation.h */ = {isa = PBXFileReference; fileEncoding = 4; lastKnownFileType = sourcecode.c.h; path = AFURLConnectionOperation.h; sourceTree = "<group>"; };
		CFE3625A1B2B967F003323A7 /* AFURLConnectionOperation.m */ = {isa = PBXFileReference; fileEncoding = 4; lastKnownFileType = sourcecode.c.objc; path = AFURLConnectionOperation.m; sourceTree = "<group>"; };
		CFE3625B1B2B967F003323A7 /* AFURLRequestSerialization.h */ = {isa = PBXFileReference; fileEncoding = 4; lastKnownFileType = sourcecode.c.h; path = AFURLRequestSerialization.h; sourceTree = "<group>"; };
		CFE3625C1B2B967F003323A7 /* AFURLRequestSerialization.m */ = {isa = PBXFileReference; fileEncoding = 4; lastKnownFileType = sourcecode.c.objc; path = AFURLRequestSerialization.m; sourceTree = "<group>"; };
		CFE3625D1B2B967F003323A7 /* AFURLResponseSerialization.h */ = {isa = PBXFileReference; fileEncoding = 4; lastKnownFileType = sourcecode.c.h; path = AFURLResponseSerialization.h; sourceTree = "<group>"; };
		CFE3625E1B2B967F003323A7 /* AFURLResponseSerialization.m */ = {isa = PBXFileReference; fileEncoding = 4; lastKnownFileType = sourcecode.c.objc; path = AFURLResponseSerialization.m; sourceTree = "<group>"; };
		CFE3625F1B2B967F003323A7 /* AFURLSessionManager.h */ = {isa = PBXFileReference; fileEncoding = 4; lastKnownFileType = sourcecode.c.h; path = AFURLSessionManager.h; sourceTree = "<group>"; };
		CFE362601B2B967F003323A7 /* AFURLSessionManager.m */ = {isa = PBXFileReference; fileEncoding = 4; lastKnownFileType = sourcecode.c.objc; path = AFURLSessionManager.m; sourceTree = "<group>"; };
		CFE3626A1B2BCBF0003323A7 /* Pin.h */ = {isa = PBXFileReference; fileEncoding = 4; lastKnownFileType = sourcecode.c.h; path = Pin.h; sourceTree = "<group>"; };
		CFE3626B1B2BCBF0003323A7 /* Pin.m */ = {isa = PBXFileReference; fileEncoding = 4; lastKnownFileType = sourcecode.c.objc; path = Pin.m; sourceTree = "<group>"; };
/* End PBXFileReference section */

/* Begin PBXFrameworksBuildPhase section */
		CFE361DC1B2B810C003323A7 /* Frameworks */ = {
			isa = PBXFrameworksBuildPhase;
			buildActionMask = 2147483647;
			files = (
				CFE3624C1B2B9503003323A7 /* CoreLocation.framework in Frameworks */,
				CFE3624A1B2B94FA003323A7 /* MapKit.framework in Frameworks */,
			);
			runOnlyForDeploymentPostprocessing = 0;
		};
		CFE361F81B2B810C003323A7 /* Frameworks */ = {
			isa = PBXFrameworksBuildPhase;
			buildActionMask = 2147483647;
			files = (
			);
			runOnlyForDeploymentPostprocessing = 0;
		};
/* End PBXFrameworksBuildPhase section */

/* Begin PBXGroup section */
		CFE361D61B2B810C003323A7 = {
			isa = PBXGroup;
			children = (
				CFE361E11B2B810C003323A7 /* AnxietyTracker */,
				CFE361FE1B2B810C003323A7 /* AnxietyTrackerTests */,
				CFE361E01B2B810C003323A7 /* Products */,
			);
			sourceTree = "<group>";
		};
		CFE361E01B2B810C003323A7 /* Products */ = {
			isa = PBXGroup;
			children = (
				CFE361DF1B2B810C003323A7 /* AnxietyTracker.app */,
				CFE361FB1B2B810C003323A7 /* AnxietyTrackerTests.xctest */,
			);
			name = Products;
			sourceTree = "<group>";
		};
		CFE361E11B2B810C003323A7 /* AnxietyTracker */ = {
			isa = PBXGroup;
			children = (
				CFE3621D1B2B8821003323A7 /* Entry.h */,
				CFE3621E1B2B8821003323A7 /* Entry.m */,
				CFE362201B2B883A003323A7 /* Appearance.h */,
				CFE362211B2B883A003323A7 /* Appearance.m */,
				CFE361E61B2B810C003323A7 /* AppDelegate.h */,
				CFE361E71B2B810C003323A7 /* AppDelegate.m */,
				CFE3620B1B2B837B003323A7 /* GeneralInfoViewController.h */,
				CFE3620C1B2B837B003323A7 /* GeneralInfoViewController.m */,
				CFE3620E1B2B83B1003323A7 /* TrackViewController.h */,
				CFE3620F1B2B83B1003323A7 /* TrackViewController.m */,
				CFE362461B2B9339003323A7 /* CustomEntryCell.h */,
				CFE362471B2B9339003323A7 /* CustomEntryCell.m */,
				CFE362111B2B83C6003323A7 /* TherapyViewController.h */,
				CFE362121B2B83C6003323A7 /* TherapyViewController.m */,
				CFE362141B2B83D6003323A7 /* GetHelpViewController.h */,
				CFE362151B2B83D6003323A7 /* GetHelpViewController.m */,
				CFE3626A1B2BCBF0003323A7 /* Pin.h */,
				CFE3626B1B2BCBF0003323A7 /* Pin.m */,
				CFE362171B2B83E6003323A7 /* ForumsViewController.h */,
				CFE362181B2B83E6003323A7 /* ForumsViewController.m */,
				CFE3621A1B2B8412003323A7 /* OptionsTableView.h */,
				CFE3621B1B2B8412003323A7 /* OptionsTableView.m */,
				CFE361F21B2B810C003323A7 /* Images.xcassets */,
				CFE361F41B2B810C003323A7 /* LaunchScreen.xib */,
				CFE361EF1B2B810C003323A7 /* Main.storyboard */,
				CFE361E21B2B810C003323A7 /* Supporting Files */,
			);
			path = AnxietyTracker;
			sourceTree = "<group>";
		};
		CFE361E21B2B810C003323A7 /* Supporting Files */ = {
			isa = PBXGroup;
			children = (
				CFE3624D1B2B967F003323A7 /* AFNetworking */,
				CFE3624B1B2B9503003323A7 /* CoreLocation.framework */,
				CFE362491B2B94FA003323A7 /* MapKit.framework */,
				CFE361E31B2B810C003323A7 /* Info.plist */,
				CFE361E41B2B810C003323A7 /* main.m */,
			);
			name = "Supporting Files";
			sourceTree = "<group>";
		};
		CFE361FE1B2B810C003323A7 /* AnxietyTrackerTests */ = {
			isa = PBXGroup;
			children = (
				CFE362011B2B810C003323A7 /* AnxietyTrackerTests.m */,
				CFE361FF1B2B810C003323A7 /* Supporting Files */,
			);
			path = AnxietyTrackerTests;
			sourceTree = "<group>";
		};
		CFE361FF1B2B810C003323A7 /* Supporting Files */ = {
			isa = PBXGroup;
			children = (
				CFE362001B2B810C003323A7 /* Info.plist */,
			);
			name = "Supporting Files";
			sourceTree = "<group>";
		};
		CFE3624D1B2B967F003323A7 /* AFNetworking */ = {
			isa = PBXGroup;
			children = (
				CFE3624E1B2B967F003323A7 /* AFHTTPRequestOperation.h */,
				CFE3624F1B2B967F003323A7 /* AFHTTPRequestOperation.m */,
				CFE362501B2B967F003323A7 /* AFHTTPRequestOperationManager.h */,
				CFE362511B2B967F003323A7 /* AFHTTPRequestOperationManager.m */,
				CFE362521B2B967F003323A7 /* AFHTTPSessionManager.h */,
				CFE362531B2B967F003323A7 /* AFHTTPSessionManager.m */,
				CFE362541B2B967F003323A7 /* AFNetworking.h */,
				CFE362551B2B967F003323A7 /* AFNetworkReachabilityManager.h */,
				CFE362561B2B967F003323A7 /* AFNetworkReachabilityManager.m */,
				CFE362571B2B967F003323A7 /* AFSecurityPolicy.h */,
				CFE362581B2B967F003323A7 /* AFSecurityPolicy.m */,
				CFE362591B2B967F003323A7 /* AFURLConnectionOperation.h */,
				CFE3625A1B2B967F003323A7 /* AFURLConnectionOperation.m */,
				CFE3625B1B2B967F003323A7 /* AFURLRequestSerialization.h */,
				CFE3625C1B2B967F003323A7 /* AFURLRequestSerialization.m */,
				CFE3625D1B2B967F003323A7 /* AFURLResponseSerialization.h */,
				CFE3625E1B2B967F003323A7 /* AFURLResponseSerialization.m */,
				CFE3625F1B2B967F003323A7 /* AFURLSessionManager.h */,
				CFE362601B2B967F003323A7 /* AFURLSessionManager.m */,
			);
			path = AFNetworking;
			sourceTree = "<group>";
		};
/* End PBXGroup section */

/* Begin PBXNativeTarget section */
		CFE361DE1B2B810C003323A7 /* AnxietyTracker */ = {
			isa = PBXNativeTarget;
			buildConfigurationList = CFE362051B2B810C003323A7 /* Build configuration list for PBXNativeTarget "AnxietyTracker" */;
			buildPhases = (
				CFE361DB1B2B810C003323A7 /* Sources */,
				CFE361DC1B2B810C003323A7 /* Frameworks */,
				CFE361DD1B2B810C003323A7 /* Resources */,
			);
			buildRules = (
			);
			dependencies = (
			);
			name = AnxietyTracker;
			productName = AnxietyTracker;
			productReference = CFE361DF1B2B810C003323A7 /* AnxietyTracker.app */;
			productType = "com.apple.product-type.application";
		};
		CFE361FA1B2B810C003323A7 /* AnxietyTrackerTests */ = {
			isa = PBXNativeTarget;
			buildConfigurationList = CFE362081B2B810C003323A7 /* Build configuration list for PBXNativeTarget "AnxietyTrackerTests" */;
			buildPhases = (
				CFE361F71B2B810C003323A7 /* Sources */,
				CFE361F81B2B810C003323A7 /* Frameworks */,
				CFE361F91B2B810C003323A7 /* Resources */,
			);
			buildRules = (
			);
			dependencies = (
				CFE361FD1B2B810C003323A7 /* PBXTargetDependency */,
			);
			name = AnxietyTrackerTests;
			productName = AnxietyTrackerTests;
			productReference = CFE361FB1B2B810C003323A7 /* AnxietyTrackerTests.xctest */;
			productType = "com.apple.product-type.bundle.unit-test";
		};
/* End PBXNativeTarget section */

/* Begin PBXProject section */
		CFE361D71B2B810C003323A7 /* Project object */ = {
			isa = PBXProject;
			attributes = {
				LastUpgradeCheck = 0630;
				ORGANIZATIONNAME = Dalton;
				TargetAttributes = {
					CFE361DE1B2B810C003323A7 = {
						CreatedOnToolsVersion = 6.3;
					};
					CFE361FA1B2B810C003323A7 = {
						CreatedOnToolsVersion = 6.3;
						TestTargetID = CFE361DE1B2B810C003323A7;
					};
				};
			};
			buildConfigurationList = CFE361DA1B2B810C003323A7 /* Build configuration list for PBXProject "AnxietyTracker" */;
			compatibilityVersion = "Xcode 3.2";
			developmentRegion = English;
			hasScannedForEncodings = 0;
			knownRegions = (
				en,
				Base,
			);
			mainGroup = CFE361D61B2B810C003323A7;
			productRefGroup = CFE361E01B2B810C003323A7 /* Products */;
			projectDirPath = "";
			projectRoot = "";
			targets = (
				CFE361DE1B2B810C003323A7 /* AnxietyTracker */,
				CFE361FA1B2B810C003323A7 /* AnxietyTrackerTests */,
			);
		};
/* End PBXProject section */

/* Begin PBXResourcesBuildPhase section */
		CFE361DD1B2B810C003323A7 /* Resources */ = {
			isa = PBXResourcesBuildPhase;
			buildActionMask = 2147483647;
			files = (
				CFE361F11B2B810C003323A7 /* Main.storyboard in Resources */,
				CFE361F61B2B810C003323A7 /* LaunchScreen.xib in Resources */,
				CFE361F31B2B810C003323A7 /* Images.xcassets in Resources */,
			);
			runOnlyForDeploymentPostprocessing = 0;
		};
		CFE361F91B2B810C003323A7 /* Resources */ = {
			isa = PBXResourcesBuildPhase;
			buildActionMask = 2147483647;
			files = (
			);
			runOnlyForDeploymentPostprocessing = 0;
		};
/* End PBXResourcesBuildPhase section */

/* Begin PBXSourcesBuildPhase section */
		CFE361DB1B2B810C003323A7 /* Sources */ = {
			isa = PBXSourcesBuildPhase;
			buildActionMask = 2147483647;
			files = (
				CFE362611B2B967F003323A7 /* AFHTTPRequestOperation.m in Sources */,
				CFE362131B2B83C6003323A7 /* TherapyViewController.m in Sources */,
				CFE362101B2B83B1003323A7 /* TrackViewController.m in Sources */,
				CFE362691B2B967F003323A7 /* AFURLSessionManager.m in Sources */,
				CFE362481B2B9339003323A7 /* CustomEntryCell.m in Sources */,
				CFE362661B2B967F003323A7 /* AFURLConnectionOperation.m in Sources */,
				CFE362621B2B967F003323A7 /* AFHTTPRequestOperationManager.m in Sources */,
				CFE361E81B2B810C003323A7 /* AppDelegate.m in Sources */,
				CFE362641B2B967F003323A7 /* AFNetworkReachabilityManager.m in Sources */,
				CFE3621F1B2B8821003323A7 /* Entry.m in Sources */,
				CFE3620D1B2B837B003323A7 /* GeneralInfoViewController.m in Sources */,
				CFE3626C1B2BCBF0003323A7 /* Pin.m in Sources */,
				CFE362651B2B967F003323A7 /* AFSecurityPolicy.m in Sources */,
				CFE3621C1B2B8412003323A7 /* OptionsTableView.m in Sources */,
				CFE362671B2B967F003323A7 /* AFURLRequestSerialization.m in Sources */,
				CFE362681B2B967F003323A7 /* AFURLResponseSerialization.m in Sources */,
				CFE362191B2B83E6003323A7 /* ForumsViewController.m in Sources */,
				CFE362161B2B83D6003323A7 /* GetHelpViewController.m in Sources */,
				CFE362631B2B967F003323A7 /* AFHTTPSessionManager.m in Sources */,
				CFE361E51B2B810C003323A7 /* main.m in Sources */,
				CFE362221B2B883A003323A7 /* Appearance.m in Sources */,
			);
			runOnlyForDeploymentPostprocessing = 0;
		};
		CFE361F71B2B810C003323A7 /* Sources */ = {
			isa = PBXSourcesBuildPhase;
			buildActionMask = 2147483647;
			files = (
				CFE362021B2B810C003323A7 /* AnxietyTrackerTests.m in Sources */,
			);
			runOnlyForDeploymentPostprocessing = 0;
		};
/* End PBXSourcesBuildPhase section */

/* Begin PBXTargetDependency section */
		CFE361FD1B2B810C003323A7 /* PBXTargetDependency */ = {
			isa = PBXTargetDependency;
			target = CFE361DE1B2B810C003323A7 /* AnxietyTracker */;
			targetProxy = CFE361FC1B2B810C003323A7 /* PBXContainerItemProxy */;
		};
/* End PBXTargetDependency section */

/* Begin PBXVariantGroup section */
		CFE361EF1B2B810C003323A7 /* Main.storyboard */ = {
			isa = PBXVariantGroup;
			children = (
				CFE361F01B2B810C003323A7 /* Base */,
			);
			name = Main.storyboard;
			sourceTree = "<group>";
		};
		CFE361F41B2B810C003323A7 /* LaunchScreen.xib */ = {
			isa = PBXVariantGroup;
			children = (
				CFE361F51B2B810C003323A7 /* Base */,
			);
			name = LaunchScreen.xib;
			sourceTree = "<group>";
		};
/* End PBXVariantGroup section */

/* Begin XCBuildConfiguration section */
		CFE362031B2B810C003323A7 /* Debug */ = {
			isa = XCBuildConfiguration;
			buildSettings = {
				ALWAYS_SEARCH_USER_PATHS = NO;
				CLANG_CXX_LANGUAGE_STANDARD = "gnu++0x";
				CLANG_CXX_LIBRARY = "libc++";
				CLANG_ENABLE_MODULES = YES;
				CLANG_ENABLE_OBJC_ARC = YES;
				CLANG_WARN_BOOL_CONVERSION = YES;
				CLANG_WARN_CONSTANT_CONVERSION = YES;
				CLANG_WARN_DIRECT_OBJC_ISA_USAGE = YES_ERROR;
				CLANG_WARN_EMPTY_BODY = YES;
				CLANG_WARN_ENUM_CONVERSION = YES;
				CLANG_WARN_INT_CONVERSION = YES;
				CLANG_WARN_OBJC_ROOT_CLASS = YES_ERROR;
				CLANG_WARN_UNREACHABLE_CODE = YES;
				CLANG_WARN__DUPLICATE_METHOD_MATCH = YES;
				"CODE_SIGN_IDENTITY[sdk=iphoneos*]" = "iPhone Developer";
				COPY_PHASE_STRIP = NO;
				DEBUG_INFORMATION_FORMAT = "dwarf-with-dsym";
				ENABLE_STRICT_OBJC_MSGSEND = YES;
				GCC_C_LANGUAGE_STANDARD = gnu99;
				GCC_DYNAMIC_NO_PIC = NO;
				GCC_NO_COMMON_BLOCKS = YES;
				GCC_OPTIMIZATION_LEVEL = 0;
				GCC_PREPROCESSOR_DEFINITIONS = (
					"DEBUG=1",
					"$(inherited)",
				);
				GCC_SYMBOLS_PRIVATE_EXTERN = NO;
				GCC_WARN_64_TO_32_BIT_CONVERSION = YES;
				GCC_WARN_ABOUT_RETURN_TYPE = YES_ERROR;
				GCC_WARN_UNDECLARED_SELECTOR = YES;
				GCC_WARN_UNINITIALIZED_AUTOS = YES_AGGRESSIVE;
				GCC_WARN_UNUSED_FUNCTION = YES;
				GCC_WARN_UNUSED_VARIABLE = YES;
				IPHONEOS_DEPLOYMENT_TARGET = 8.3;
				MTL_ENABLE_DEBUG_INFO = YES;
				ONLY_ACTIVE_ARCH = YES;
				SDKROOT = iphoneos;
			};
			name = Debug;
		};
		CFE362041B2B810C003323A7 /* Release */ = {
			isa = XCBuildConfiguration;
			buildSettings = {
				ALWAYS_SEARCH_USER_PATHS = NO;
				CLANG_CXX_LANGUAGE_STANDARD = "gnu++0x";
				CLANG_CXX_LIBRARY = "libc++";
				CLANG_ENABLE_MODULES = YES;
				CLANG_ENABLE_OBJC_ARC = YES;
				CLANG_WARN_BOOL_CONVERSION = YES;
				CLANG_WARN_CONSTANT_CONVERSION = YES;
				CLANG_WARN_DIRECT_OBJC_ISA_USAGE = YES_ERROR;
				CLANG_WARN_EMPTY_BODY = YES;
				CLANG_WARN_ENUM_CONVERSION = YES;
				CLANG_WARN_INT_CONVERSION = YES;
				CLANG_WARN_OBJC_ROOT_CLASS = YES_ERROR;
				CLANG_WARN_UNREACHABLE_CODE = YES;
				CLANG_WARN__DUPLICATE_METHOD_MATCH = YES;
				"CODE_SIGN_IDENTITY[sdk=iphoneos*]" = "iPhone Developer";
				COPY_PHASE_STRIP = NO;
				DEBUG_INFORMATION_FORMAT = "dwarf-with-dsym";
				ENABLE_NS_ASSERTIONS = NO;
				ENABLE_STRICT_OBJC_MSGSEND = YES;
				GCC_C_LANGUAGE_STANDARD = gnu99;
				GCC_NO_COMMON_BLOCKS = YES;
				GCC_WARN_64_TO_32_BIT_CONVERSION = YES;
				GCC_WARN_ABOUT_RETURN_TYPE = YES_ERROR;
				GCC_WARN_UNDECLARED_SELECTOR = YES;
				GCC_WARN_UNINITIALIZED_AUTOS = YES_AGGRESSIVE;
				GCC_WARN_UNUSED_FUNCTION = YES;
				GCC_WARN_UNUSED_VARIABLE = YES;
				IPHONEOS_DEPLOYMENT_TARGET = 8.3;
				MTL_ENABLE_DEBUG_INFO = NO;
				SDKROOT = iphoneos;
				VALIDATE_PRODUCT = YES;
			};
			name = Release;
		};
		CFE362061B2B810C003323A7 /* Debug */ = {
			isa = XCBuildConfiguration;
			buildSettings = {
				ASSETCATALOG_COMPILER_APPICON_NAME = AppIcon;
				INFOPLIST_FILE = AnxietyTracker/Info.plist;
				LD_RUNPATH_SEARCH_PATHS = "$(inherited) @executable_path/Frameworks";
				PRODUCT_NAME = "$(TARGET_NAME)";
			};
			name = Debug;
		};
		CFE362071B2B810C003323A7 /* Release */ = {
			isa = XCBuildConfiguration;
			buildSettings = {
				ASSETCATALOG_COMPILER_APPICON_NAME = AppIcon;
				INFOPLIST_FILE = AnxietyTracker/Info.plist;
				LD_RUNPATH_SEARCH_PATHS = "$(inherited) @executable_path/Frameworks";
				PRODUCT_NAME = "$(TARGET_NAME)";
			};
			name = Release;
		};
		CFE362091B2B810C003323A7 /* Debug */ = {
			isa = XCBuildConfiguration;
			buildSettings = {
				BUNDLE_LOADER = "$(TEST_HOST)";
				FRAMEWORK_SEARCH_PATHS = (
					"$(SDKROOT)/Developer/Library/Frameworks",
					"$(inherited)",
				);
				GCC_PREPROCESSOR_DEFINITIONS = (
					"DEBUG=1",
					"$(inherited)",
				);
				INFOPLIST_FILE = AnxietyTrackerTests/Info.plist;
				LD_RUNPATH_SEARCH_PATHS = "$(inherited) @executable_path/Frameworks @loader_path/Frameworks";
				PRODUCT_NAME = "$(TARGET_NAME)";
				TEST_HOST = "$(BUILT_PRODUCTS_DIR)/AnxietyTracker.app/AnxietyTracker";
			};
			name = Debug;
		};
		CFE3620A1B2B810C003323A7 /* Release */ = {
			isa = XCBuildConfiguration;
			buildSettings = {
				BUNDLE_LOADER = "$(TEST_HOST)";
				FRAMEWORK_SEARCH_PATHS = (
					"$(SDKROOT)/Developer/Library/Frameworks",
					"$(inherited)",
				);
				INFOPLIST_FILE = AnxietyTrackerTests/Info.plist;
				LD_RUNPATH_SEARCH_PATHS = "$(inherited) @executable_path/Frameworks @loader_path/Frameworks";
				PRODUCT_NAME = "$(TARGET_NAME)";
				TEST_HOST = "$(BUILT_PRODUCTS_DIR)/AnxietyTracker.app/AnxietyTracker";
			};
			name = Release;
		};
/* End XCBuildConfiguration section */

/* Begin XCConfigurationList section */
		CFE361DA1B2B810C003323A7 /* Build configuration list for PBXProject "AnxietyTracker" */ = {
			isa = XCConfigurationList;
			buildConfigurations = (
				CFE362031B2B810C003323A7 /* Debug */,
				CFE362041B2B810C003323A7 /* Release */,
			);
			defaultConfigurationIsVisible = 0;
			defaultConfigurationName = Release;
		};
		CFE362051B2B810C003323A7 /* Build configuration list for PBXNativeTarget "AnxietyTracker" */ = {
			isa = XCConfigurationList;
			buildConfigurations = (
				CFE362061B2B810C003323A7 /* Debug */,
				CFE362071B2B810C003323A7 /* Release */,
			);
			defaultConfigurationIsVisible = 0;
		};
		CFE362081B2B810C003323A7 /* Build configuration list for PBXNativeTarget "AnxietyTrackerTests" */ = {
			isa = XCConfigurationList;
			buildConfigurations = (
				CFE362091B2B810C003323A7 /* Debug */,
				CFE3620A1B2B810C003323A7 /* Release */,
			);
			defaultConfigurationIsVisible = 0;
		};
/* End XCConfigurationList section */
	};
	rootObject = CFE361D71B2B810C003323A7 /* Project object */;
}
